
Microsoft Visual Studio Solution File, Format Version 12.00
# Visual Studio Version 16
VisualStudioVersion = 16.0.810.22
MinimumVisualStudioVersion = 10.0.40219.1
Project("{FAE04EC0-301F-11D3-BF4B-00C04F79EFBC}") = "ML.NET_Tutorials", "ML.NET_Tutorials\ML.NET_Tutorials.csproj", "{CC899155-45E9-448B-A665-71B98936CE0C}"
EndProject
Global
	GlobalSection(SolutionConfigurationPlatforms) = preSolution
		Debug|anycpu = Debug|anycpu
		Release|anycpu = Release|anycpu
	EndGlobalSection
	GlobalSection(ProjectConfigurationPlatforms) = postSolution
		{CC899155-45E9-448B-A665-71B98936CE0C}.Debug|anycpu.ActiveCfg = Debug|anycpu
		{CC899155-45E9-448B-A665-71B98936CE0C}.Debug|anycpu.Build.0 = Debug|anycpu
		{CC899155-45E9-448B-A665-71B98936CE0C}.Release|anycpu.ActiveCfg = Release|anycpu
		{CC899155-45E9-448B-A665-71B98936CE0C}.Release|anycpu.Build.0 = Release|anycpu
	EndGlobalSection
	GlobalSection(SolutionProperties) = preSolution
		HideSolutionNode = FALSE
	EndGlobalSection
	GlobalSection(ExtensibilityGlobals) = postSolution
		SolutionGuid = {90800E6D-FC95-4D39-888F-FFA244D595AA}
	EndGlobalSection
EndGlobal
